
Microsoft Visual Studio Solution File, Format Version 12.00
Project("{2150E333-8FDC-42A3-9474-1A3956D46DE8}") = "Services", "Services", "{ADB934CE-0698-4B54-B01E-2B196B8B0183}"
EndProject
Project("{FAE04EC0-301F-11D3-BF4B-00C04F79EFBC}") = "MessagingSystem.Services.User", "MessagingSystem.Services.User\MessagingSystem.Services.User.csproj", "{75BF0A67-7253-4A14-B953-3DA54AB8F12C}"
EndProject
Project("{FAE04EC0-301F-11D3-BF4B-00C04F79EFBC}") = "MessagingSystem.Services.Notification", "MessagingSystem.Services.Notification\MessagingSystem.Services.Notification.csproj", "{3AD91CDF-9832-444B-9190-36CA7586F292}"
EndProject
Global
	GlobalSection(SolutionConfigurationPlatforms) = preSolution
		Debug|Any CPU = Debug|Any CPU
		Release|Any CPU = Release|Any CPU
	EndGlobalSection
	GlobalSection(ProjectConfigurationPlatforms) = postSolution
		{75BF0A67-7253-4A14-B953-3DA54AB8F12C}.Debug|Any CPU.ActiveCfg = Debug|Any CPU
		{75BF0A67-7253-4A14-B953-3DA54AB8F12C}.Debug|Any CPU.Build.0 = Debug|Any CPU
		{75BF0A67-7253-4A14-B953-3DA54AB8F12C}.Release|Any CPU.ActiveCfg = Release|Any CPU
		{75BF0A67-7253-4A14-B953-3DA54AB8F12C}.Release|Any CPU.Build.0 = Release|Any CPU
		{3AD91CDF-9832-444B-9190-36CA7586F292}.Debug|Any CPU.ActiveCfg = Debug|Any CPU
		{3AD91CDF-9832-444B-9190-36CA7586F292}.Debug|Any CPU.Build.0 = Debug|Any CPU
		{3AD91CDF-9832-444B-9190-36CA7586F292}.Release|Any CPU.ActiveCfg = Release|Any CPU
		{3AD91CDF-9832-444B-9190-36CA7586F292}.Release|Any CPU.Build.0 = Release|Any CPU
	EndGlobalSection
	GlobalSection(NestedProjects) = preSolution
		{75BF0A67-7253-4A14-B953-3DA54AB8F12C} = {ADB934CE-0698-4B54-B01E-2B196B8B0183}
		{3AD91CDF-9832-444B-9190-36CA7586F292} = {ADB934CE-0698-4B54-B01E-2B196B8B0183}
	EndGlobalSection
EndGlobal
