
Microsoft Visual Studio Solution File, Format Version 12.00
Project("{2150E333-8FDC-42A3-9474-1A3956D46DE8}") = "Services", "Services", "{ADB934CE-0698-4B54-B01E-2B196B8B0183}"
EndProject
Project("{FAE04EC0-301F-11D3-BF4B-00C04F79EFBC}") = "MessagingSystem.Services.User", "MessagingSystem.Services.User\MessagingSystem.Services.User.csproj", "{75BF0A67-7253-4A14-B953-3DA54AB8F12C}"
EndProject
Project("{FAE04EC0-301F-11D3-BF4B-00C04F79EFBC}") = "MessagingSystem.Services.Notification", "MessagingSystem.Services.Notification\MessagingSystem.Services.Notification.csproj", "{3AD91CDF-9832-444B-9190-36CA7586F292}"
EndProject
Project("{FAE04EC0-301F-11D3-BF4B-00C04F79EFBC}") = "MessagingSystem.SendingModels", "MessagingSystem.SendingModels\MessagingSystem.SendingModels.csproj", "{EF0E607A-9AA6-4449-9C0E-2EE6A310A0B9}"
EndProject
Project("{2150E333-8FDC-42A3-9474-1A3956D46DE8}") = "Tests", "Tests", "{801D0645-2B84-45F7-835C-898ED1EEB805}"
EndProject
Project("{FAE04EC0-301F-11D3-BF4B-00C04F79EFBC}") = "MessagingSystem.Tests.Notification", "MessagingSystem.Tests.Notification\MessagingSystem.Tests.Notification.csproj", "{2351CEC3-F6B8-453C-B9FA-15C5E8AFAAD2}"
EndProject
Project("{FAE04EC0-301F-11D3-BF4B-00C04F79EFBC}") = "MessagingSystem.Tests.User", "MessagingSystem.Tests.User\MessagingSystem.Tests.User.csproj", "{FE687556-D8BC-4E90-9931-D08497AE31E0}"
EndProject
Project("{FAE04EC0-301F-11D3-BF4B-00C04F79EFBC}") = "Encryptor", "Encryptor\Encryptor.csproj", "{C90F6FA2-23C9-409B-B914-5CAEFFD94C1D}"
EndProject
Project("{FAE04EC0-301F-11D3-BF4B-00C04F79EFBC}") = "MessagingSystem.Tests.SendingModels", "MessagingSystem.Tests.SendingModels\MessagingSystem.Tests.SendingModels.csproj", "{AFC316CD-BAE0-4D68-B15D-A48920123544}"
EndProject
Project("{FAE04EC0-301F-11D3-BF4B-00C04F79EFBC}") = "MessagingSystem.Tests.Encryptor", "MessagingSystem.Tests.Encryptor\MessagingSystem.Tests.Encryptor.csproj", "{84772761-D656-4CB4-B504-3BE76DC7F5F9}"
EndProject
Project("{FAE04EC0-301F-11D3-BF4B-00C04F79EFBC}") = "MessagingSystem.Services.Messaging", "MessagingSystem.Services.Messaging\MessagingSystem.Services.Messaging.csproj", "{FE81D2BB-83C1-4215-9B9A-40CC73DF2526}"
EndProject
Project("{2150E333-8FDC-42A3-9474-1A3956D46DE8}") = "Docker", "Docker", "{DCBAB295-FCF8-417D-BB66-8124E74D40F4}"
	ProjectSection(SolutionItems) = preProject
		docker-compose.yml = docker-compose.yml
	EndProjectSection
EndProject
Project("{FAE04EC0-301F-11D3-BF4B-00C04F79EFBC}") = "MessagingSystem.Tests.Messaging", "MessagingSystem.Tests.Messaging\MessagingSystem.Tests.Messaging.csproj", "{A91D2267-25DB-4CE8-966B-60A2AF84FB16}"
EndProject
Global
	GlobalSection(SolutionConfigurationPlatforms) = preSolution
		Debug|Any CPU = Debug|Any CPU
		Release|Any CPU = Release|Any CPU
	EndGlobalSection
	GlobalSection(ProjectConfigurationPlatforms) = postSolution
		{75BF0A67-7253-4A14-B953-3DA54AB8F12C}.Debug|Any CPU.ActiveCfg = Debug|Any CPU
		{75BF0A67-7253-4A14-B953-3DA54AB8F12C}.Debug|Any CPU.Build.0 = Debug|Any CPU
		{75BF0A67-7253-4A14-B953-3DA54AB8F12C}.Release|Any CPU.ActiveCfg = Release|Any CPU
		{75BF0A67-7253-4A14-B953-3DA54AB8F12C}.Release|Any CPU.Build.0 = Release|Any CPU
		{3AD91CDF-9832-444B-9190-36CA7586F292}.Debug|Any CPU.ActiveCfg = Debug|Any CPU
		{3AD91CDF-9832-444B-9190-36CA7586F292}.Debug|Any CPU.Build.0 = Debug|Any CPU
		{3AD91CDF-9832-444B-9190-36CA7586F292}.Release|Any CPU.ActiveCfg = Release|Any CPU
		{3AD91CDF-9832-444B-9190-36CA7586F292}.Release|Any CPU.Build.0 = Release|Any CPU
		{EF0E607A-9AA6-4449-9C0E-2EE6A310A0B9}.Debug|Any CPU.ActiveCfg = Debug|Any CPU
		{EF0E607A-9AA6-4449-9C0E-2EE6A310A0B9}.Debug|Any CPU.Build.0 = Debug|Any CPU
		{EF0E607A-9AA6-4449-9C0E-2EE6A310A0B9}.Release|Any CPU.ActiveCfg = Release|Any CPU
		{EF0E607A-9AA6-4449-9C0E-2EE6A310A0B9}.Release|Any CPU.Build.0 = Release|Any CPU
		{2351CEC3-F6B8-453C-B9FA-15C5E8AFAAD2}.Debug|Any CPU.ActiveCfg = Debug|Any CPU
		{2351CEC3-F6B8-453C-B9FA-15C5E8AFAAD2}.Debug|Any CPU.Build.0 = Debug|Any CPU
		{2351CEC3-F6B8-453C-B9FA-15C5E8AFAAD2}.Release|Any CPU.ActiveCfg = Release|Any CPU
		{2351CEC3-F6B8-453C-B9FA-15C5E8AFAAD2}.Release|Any CPU.Build.0 = Release|Any CPU
		{FE687556-D8BC-4E90-9931-D08497AE31E0}.Debug|Any CPU.ActiveCfg = Debug|Any CPU
		{FE687556-D8BC-4E90-9931-D08497AE31E0}.Debug|Any CPU.Build.0 = Debug|Any CPU
		{FE687556-D8BC-4E90-9931-D08497AE31E0}.Release|Any CPU.ActiveCfg = Release|Any CPU
		{FE687556-D8BC-4E90-9931-D08497AE31E0}.Release|Any CPU.Build.0 = Release|Any CPU
		{C90F6FA2-23C9-409B-B914-5CAEFFD94C1D}.Debug|Any CPU.ActiveCfg = Debug|Any CPU
		{C90F6FA2-23C9-409B-B914-5CAEFFD94C1D}.Debug|Any CPU.Build.0 = Debug|Any CPU
		{C90F6FA2-23C9-409B-B914-5CAEFFD94C1D}.Release|Any CPU.ActiveCfg = Release|Any CPU
		{C90F6FA2-23C9-409B-B914-5CAEFFD94C1D}.Release|Any CPU.Build.0 = Release|Any CPU
		{AFC316CD-BAE0-4D68-B15D-A48920123544}.Debug|Any CPU.ActiveCfg = Debug|Any CPU
		{AFC316CD-BAE0-4D68-B15D-A48920123544}.Debug|Any CPU.Build.0 = Debug|Any CPU
		{AFC316CD-BAE0-4D68-B15D-A48920123544}.Release|Any CPU.ActiveCfg = Release|Any CPU
		{AFC316CD-BAE0-4D68-B15D-A48920123544}.Release|Any CPU.Build.0 = Release|Any CPU
		{84772761-D656-4CB4-B504-3BE76DC7F5F9}.Debug|Any CPU.ActiveCfg = Debug|Any CPU
		{84772761-D656-4CB4-B504-3BE76DC7F5F9}.Debug|Any CPU.Build.0 = Debug|Any CPU
		{84772761-D656-4CB4-B504-3BE76DC7F5F9}.Release|Any CPU.ActiveCfg = Release|Any CPU
		{84772761-D656-4CB4-B504-3BE76DC7F5F9}.Release|Any CPU.Build.0 = Release|Any CPU
		{FE81D2BB-83C1-4215-9B9A-40CC73DF2526}.Debug|Any CPU.ActiveCfg = Debug|Any CPU
		{FE81D2BB-83C1-4215-9B9A-40CC73DF2526}.Debug|Any CPU.Build.0 = Debug|Any CPU
		{FE81D2BB-83C1-4215-9B9A-40CC73DF2526}.Release|Any CPU.ActiveCfg = Release|Any CPU
		{FE81D2BB-83C1-4215-9B9A-40CC73DF2526}.Release|Any CPU.Build.0 = Release|Any CPU
		{A91D2267-25DB-4CE8-966B-60A2AF84FB16}.Debug|Any CPU.ActiveCfg = Debug|Any CPU
		{A91D2267-25DB-4CE8-966B-60A2AF84FB16}.Debug|Any CPU.Build.0 = Debug|Any CPU
		{A91D2267-25DB-4CE8-966B-60A2AF84FB16}.Release|Any CPU.ActiveCfg = Release|Any CPU
		{A91D2267-25DB-4CE8-966B-60A2AF84FB16}.Release|Any CPU.Build.0 = Release|Any CPU
	EndGlobalSection
	GlobalSection(NestedProjects) = preSolution
		{75BF0A67-7253-4A14-B953-3DA54AB8F12C} = {ADB934CE-0698-4B54-B01E-2B196B8B0183}
		{3AD91CDF-9832-444B-9190-36CA7586F292} = {ADB934CE-0698-4B54-B01E-2B196B8B0183}
		{EF0E607A-9AA6-4449-9C0E-2EE6A310A0B9} = {ADB934CE-0698-4B54-B01E-2B196B8B0183}
		{2351CEC3-F6B8-453C-B9FA-15C5E8AFAAD2} = {801D0645-2B84-45F7-835C-898ED1EEB805}
		{FE687556-D8BC-4E90-9931-D08497AE31E0} = {801D0645-2B84-45F7-835C-898ED1EEB805}
		{C90F6FA2-23C9-409B-B914-5CAEFFD94C1D} = {ADB934CE-0698-4B54-B01E-2B196B8B0183}
		{AFC316CD-BAE0-4D68-B15D-A48920123544} = {801D0645-2B84-45F7-835C-898ED1EEB805}
		{84772761-D656-4CB4-B504-3BE76DC7F5F9} = {801D0645-2B84-45F7-835C-898ED1EEB805}
		{FE81D2BB-83C1-4215-9B9A-40CC73DF2526} = {ADB934CE-0698-4B54-B01E-2B196B8B0183}
		{A91D2267-25DB-4CE8-966B-60A2AF84FB16} = {801D0645-2B84-45F7-835C-898ED1EEB805}
	EndGlobalSection
EndGlobal
